
Microsoft Visual Studio Solution File, Format Version 12.00
# Visual Studio Version 16
VisualStudioVersion = 16.0.31624.102
MinimumVisualStudioVersion = 10.0.40219.1
Project("{FAE04EC0-301F-11D3-BF4B-00C04F79EFBC}") = "Exception058", "Exception058\Exception058.csproj", "{9168AE64-59E4-4FB0-85AB-46B1100FE612}"
EndProject
Project("{FAE04EC0-301F-11D3-BF4B-00C04F79EFBC}") = "MSTestingForMoodAnalysis", "MoodAnlyzesUnitTesting\MSTestingForMoodAnalysis.csproj", "{6C8CF23E-3093-416D-9CFC-D24962E57B0F}"
EndProject
Global
	GlobalSection(SolutionConfigurationPlatforms) = preSolution
		Debug|Any CPU = Debug|Any CPU
		Release|Any CPU = Release|Any CPU
	EndGlobalSection
	GlobalSection(ProjectConfigurationPlatforms) = postSolution
		{9168AE64-59E4-4FB0-85AB-46B1100FE612}.Debug|Any CPU.ActiveCfg = Debug|Any CPU
		{9168AE64-59E4-4FB0-85AB-46B1100FE612}.Debug|Any CPU.Build.0 = Debug|Any CPU
		{9168AE64-59E4-4FB0-85AB-46B1100FE612}.Release|Any CPU.ActiveCfg = Release|Any CPU
		{9168AE64-59E4-4FB0-85AB-46B1100FE612}.Release|Any CPU.Build.0 = Release|Any CPU
		{6C8CF23E-3093-416D-9CFC-D24962E57B0F}.Debug|Any CPU.ActiveCfg = Debug|Any CPU
		{6C8CF23E-3093-416D-9CFC-D24962E57B0F}.Debug|Any CPU.Build.0 = Debug|Any CPU
		{6C8CF23E-3093-416D-9CFC-D24962E57B0F}.Release|Any CPU.ActiveCfg = Release|Any CPU
		{6C8CF23E-3093-416D-9CFC-D24962E57B0F}.Release|Any CPU.Build.0 = Release|Any CPU
	EndGlobalSection
	GlobalSection(SolutionProperties) = preSolution
		HideSolutionNode = FALSE
	EndGlobalSection
	GlobalSection(ExtensibilityGlobals) = postSolution
		SolutionGuid = {C8709B0D-E259-44F6-83DB-2136B00C3663}
	EndGlobalSection
EndGlobal
